// !$*UTF8*$!
{
	archiveVersion = 1;
	classes = {
	};
	objectVersion = 77;
	objects = {

/* Begin PBXContainerItemProxy section */
		BBD6E0012D696BF300EB8DF6 /* PBXContainerItemProxy */ = {
			isa = PBXContainerItemProxy;
			containerPortal = BBD6DFE82D696BF100EB8DF6 /* Project object */;
			proxyType = 1;
			remoteGlobalIDString = BBD6DFEF2D696BF100EB8DF6;
			remoteInfo = ForRent;
		};
		BBD6E00B2D696BF300EB8DF6 /* PBXContainerItemProxy */ = {
			isa = PBXContainerItemProxy;
			containerPortal = BBD6DFE82D696BF100EB8DF6 /* Project object */;
			proxyType = 1;
			remoteGlobalIDString = BBD6DFEF2D696BF100EB8DF6;
			remoteInfo = ForRent;
		};
/* End PBXContainerItemProxy section */

/* Begin PBXFileReference section */
		BBD6DFF02D696BF100EB8DF6 /* ForRent.app */ = {isa = PBXFileReference; explicitFileType = wrapper.application; includeInIndex = 0; path = ForRent.app; sourceTree = BUILT_PRODUCTS_DIR; };
		BBD6E0002D696BF300EB8DF6 /* ForRentTests.xctest */ = {isa = PBXFileReference; explicitFileType = wrapper.cfbundle; includeInIndex = 0; path = ForRentTests.xctest; sourceTree = BUILT_PRODUCTS_DIR; };
		BBD6E00A2D696BF300EB8DF6 /* ForRentUITests.xctest */ = {isa = PBXFileReference; explicitFileType = wrapper.cfbundle; includeInIndex = 0; path = ForRentUITests.xctest; sourceTree = BUILT_PRODUCTS_DIR; };
/* End PBXFileReference section */

/* Begin PBXFileSystemSynchronizedRootGroup section */
		BBD6DFF22D696BF100EB8DF6 /* ForRent */ = {
			isa = PBXFileSystemSynchronizedRootGroup;
			path = ForRent;
			sourceTree = "<group>";
		};
		BBD6E0032D696BF300EB8DF6 /* ForRentTests */ = {
			isa = PBXFileSystemSynchronizedRootGroup;
			path = ForRentTests;
			sourceTree = "<group>";
		};
		BBD6E00D2D696BF300EB8DF6 /* ForRentUITests */ = {
			isa = PBXFileSystemSynchronizedRootGroup;
			path = ForRentUITests;
			sourceTree = "<group>";
		};
/* End PBXFileSystemSynchronizedRootGroup section */

/* Begin PBXFrameworksBuildPhase section */
		BBD6DFED2D696BF100EB8DF6 /* Frameworks */ = {
			isa = PBXFrameworksBuildPhase;
			buildActionMask = 2147483647;
			files = (
			);
			runOnlyForDeploymentPostprocessing = 0;
		};
		BBD6DFFD2D696BF300EB8DF6 /* Frameworks */ = {
			isa = PBXFrameworksBuildPhase;
			buildActionMask = 2147483647;
			files = (
			);
			runOnlyForDeploymentPostprocessing = 0;
		};
		BBD6E0072D696BF300EB8DF6 /* Frameworks */ = {
			isa = PBXFrameworksBuildPhase;
			buildActionMask = 2147483647;
			files = (
			);
			runOnlyForDeploymentPostprocessing = 0;
		};
/* End PBXFrameworksBuildPhase section */

/* Begin PBXGroup section */
		BBD6DFE72D696BF100EB8DF6 = {
			isa = PBXGroup;
			children = (
				BBD6DFF22D696BF100EB8DF6 /* ForRent */,
				BBD6E0032D696BF300EB8DF6 /* ForRentTests */,
				BBD6E00D2D696BF300EB8DF6 /* ForRentUITests */,
				BBD6DFF12D696BF100EB8DF6 /* Products */,
			);
			sourceTree = "<group>";
		};
		BBD6DFF12D696BF100EB8DF6 /* Products */ = {
			isa = PBXGroup;
			children = (
				BBD6DFF02D696BF100EB8DF6 /* ForRent.app */,
				BBD6E0002D696BF300EB8DF6 /* ForRentTests.xctest */,
				BBD6E00A2D696BF300EB8DF6 /* ForRentUITests.xctest */,
			);
			name = Products;
			sourceTree = "<group>";
		};
/* End PBXGroup section */

/* Begin PBXNativeTarget section */
		BBD6DFEF2D696BF100EB8DF6 /* ForRent */ = {
			isa = PBXNativeTarget;
			buildConfigurationList = BBD6E0142D696BF300EB8DF6 /* Build configuration list for PBXNativeTarget "ForRent" */;
			buildPhases = (
				BBD6DFEC2D696BF100EB8DF6 /* Sources */,
				BBD6DFED2D696BF100EB8DF6 /* Frameworks */,
				BBD6DFEE2D696BF100EB8DF6 /* Resources */,
			);
			buildRules = (
			);
			dependencies = (
			);
			fileSystemSynchronizedGroups = (
				BBD6DFF22D696BF100EB8DF6 /* ForRent */,
			);
			name = ForRent;
			packageProductDependencies = (
			);
			productName = ForRent;
			productReference = BBD6DFF02D696BF100EB8DF6 /* ForRent.app */;
			productType = "com.apple.product-type.application";
		};
		BBD6DFFF2D696BF300EB8DF6 /* ForRentTests */ = {
			isa = PBXNativeTarget;
			buildConfigurationList = BBD6E0172D696BF300EB8DF6 /* Build configuration list for PBXNativeTarget "ForRentTests" */;
			buildPhases = (
				BBD6DFFC2D696BF300EB8DF6 /* Sources */,
				BBD6DFFD2D696BF300EB8DF6 /* Frameworks */,
				BBD6DFFE2D696BF300EB8DF6 /* Resources */,
			);
			buildRules = (
			);
			dependencies = (
				BBD6E0022D696BF300EB8DF6 /* PBXTargetDependency */,
			);
			fileSystemSynchronizedGroups = (
				BBD6E0032D696BF300EB8DF6 /* ForRentTests */,
			);
			name = ForRentTests;
			packageProductDependencies = (
			);
			productName = ForRentTests;
			productReference = BBD6E0002D696BF300EB8DF6 /* ForRentTests.xctest */;
			productType = "com.apple.product-type.bundle.unit-test";
		};
		BBD6E0092D696BF300EB8DF6 /* ForRentUITests */ = {
			isa = PBXNativeTarget;
			buildConfigurationList = BBD6E01A2D696BF300EB8DF6 /* Build configuration list for PBXNativeTarget "ForRentUITests" */;
			buildPhases = (
				BBD6E0062D696BF300EB8DF6 /* Sources */,
				BBD6E0072D696BF300EB8DF6 /* Frameworks */,
				BBD6E0082D696BF300EB8DF6 /* Resources */,
			);
			buildRules = (
			);
			dependencies = (
				BBD6E00C2D696BF300EB8DF6 /* PBXTargetDependency */,
			);
			fileSystemSynchronizedGroups = (
				BBD6E00D2D696BF300EB8DF6 /* ForRentUITests */,
			);
			name = ForRentUITests;
			packageProductDependencies = (
			);
			productName = ForRentUITests;
			productReference = BBD6E00A2D696BF300EB8DF6 /* ForRentUITests.xctest */;
			productType = "com.apple.product-type.bundle.ui-testing";
		};
/* End PBXNativeTarget section */

/* Begin PBXProject section */
		BBD6DFE82D696BF100EB8DF6 /* Project object */ = {
			isa = PBXProject;
			attributes = {
				BuildIndependentTargetsInParallel = 1;
				LastSwiftUpdateCheck = 1620;
				LastUpgradeCheck = 1620;
				TargetAttributes = {
					BBD6DFEF2D696BF100EB8DF6 = {
						CreatedOnToolsVersion = 16.2;
					};
					BBD6DFFF2D696BF300EB8DF6 = {
						CreatedOnToolsVersion = 16.2;
						TestTargetID = BBD6DFEF2D696BF100EB8DF6;
					};
					BBD6E0092D696BF300EB8DF6 = {
						CreatedOnToolsVersion = 16.2;
						TestTargetID = BBD6DFEF2D696BF100EB8DF6;
					};
				};
			};
			buildConfigurationList = BBD6DFEB2D696BF100EB8DF6 /* Build configuration list for PBXProject "ForRent" */;
			developmentRegion = en;
			hasScannedForEncodings = 0;
			knownRegions = (
				en,
				Base,
			);
			mainGroup = BBD6DFE72D696BF100EB8DF6;
			minimizedProjectReferenceProxies = 1;
			preferredProjectObjectVersion = 77;
			productRefGroup = BBD6DFF12D696BF100EB8DF6 /* Products */;
			projectDirPath = "";
			projectRoot = "";
			targets = (
				BBD6DFEF2D696BF100EB8DF6 /* ForRent */,
				BBD6DFFF2D696BF300EB8DF6 /* ForRentTests */,
				BBD6E0092D696BF300EB8DF6 /* ForRentUITests */,
			);
		};
/* End PBXProject section */

/* Begin PBXResourcesBuildPhase section */
		BBD6DFEE2D696BF100EB8DF6 /* Resources */ = {
			isa = PBXResourcesBuildPhase;
			buildActionMask = 2147483647;
			files = (
			);
			runOnlyForDeploymentPostprocessing = 0;
		};
		BBD6DFFE2D696BF300EB8DF6 /* Resources */ = {
			isa = PBXResourcesBuildPhase;
			buildActionMask = 2147483647;
			files = (
			);
			runOnlyForDeploymentPostprocessing = 0;
		};
		BBD6E0082D696BF300EB8DF6 /* Resources */ = {
			isa = PBXResourcesBuildPhase;
			buildActionMask = 2147483647;
			files = (
			);
			runOnlyForDeploymentPostprocessing = 0;
		};
/* End PBXResourcesBuildPhase section */

/* Begin PBXSourcesBuildPhase section */
		BBD6DFEC2D696BF100EB8DF6 /* Sources */ = {
			isa = PBXSourcesBuildPhase;
			buildActionMask = 2147483647;
			files = (
			);
			runOnlyForDeploymentPostprocessing = 0;
		};
		BBD6DFFC2D696BF300EB8DF6 /* Sources */ = {
			isa = PBXSourcesBuildPhase;
			buildActionMask = 2147483647;
			files = (
			);
			runOnlyForDeploymentPostprocessing = 0;
		};
		BBD6E0062D696BF300EB8DF6 /* Sources */ = {
			isa = PBXSourcesBuildPhase;
			buildActionMask = 2147483647;
			files = (
			);
			runOnlyForDeploymentPostprocessing = 0;
		};
/* End PBXSourcesBuildPhase section */

/* Begin PBXTargetDependency section */
		BBD6E0022D696BF300EB8DF6 /* PBXTargetDependency */ = {
			isa = PBXTargetDependency;
			target = BBD6DFEF2D696BF100EB8DF6 /* ForRent */;
			targetProxy = BBD6E0012D696BF300EB8DF6 /* PBXContainerItemProxy */;
		};
		BBD6E00C2D696BF300EB8DF6 /* PBXTargetDependency */ = {
			isa = PBXTargetDependency;
			target = BBD6DFEF2D696BF100EB8DF6 /* ForRent */;
			targetProxy = BBD6E00B2D696BF300EB8DF6 /* PBXContainerItemProxy */;
		};
/* End PBXTargetDependency section */

/* Begin XCBuildConfiguration section */
		BBD6E0122D696BF300EB8DF6 /* Debug */ = {
			isa = XCBuildConfiguration;
			buildSettings = {
				ALWAYS_SEARCH_USER_PATHS = NO;
				ASSETCATALOG_COMPILER_GENERATE_SWIFT_ASSET_SYMBOL_EXTENSIONS = YES;
				CLANG_ANALYZER_NONNULL = YES;
				CLANG_ANALYZER_NUMBER_OBJECT_CONVERSION = YES_AGGRESSIVE;
				CLANG_CXX_LANGUAGE_STANDARD = "gnu++20";
				CLANG_ENABLE_MODULES = YES;
				CLANG_ENABLE_OBJC_ARC = YES;
				CLANG_ENABLE_OBJC_WEAK = YES;
				CLANG_WARN_BLOCK_CAPTURE_AUTORELEASING = YES;
				CLANG_WARN_BOOL_CONVERSION = YES;
				CLANG_WARN_COMMA = YES;
				CLANG_WARN_CONSTANT_CONVERSION = YES;
				CLANG_WARN_DEPRECATED_OBJC_IMPLEMENTATIONS = YES;
				CLANG_WARN_DIRECT_OBJC_ISA_USAGE = YES_ERROR;
				CLANG_WARN_DOCUMENTATION_COMMENTS = YES;
				CLANG_WARN_EMPTY_BODY = YES;
				CLANG_WARN_ENUM_CONVERSION = YES;
				CLANG_WARN_INFINITE_RECURSION = YES;
				CLANG_WARN_INT_CONVERSION = YES;
				CLANG_WARN_NON_LITERAL_NULL_CONVERSION = YES;
				CLANG_WARN_OBJC_IMPLICIT_RETAIN_SELF = YES;
				CLANG_WARN_OBJC_LITERAL_CONVERSION = YES;
				CLANG_WARN_OBJC_ROOT_CLASS = YES_ERROR;
				CLANG_WARN_QUOTED_INCLUDE_IN_FRAMEWORK_HEADER = YES;
				CLANG_WARN_RANGE_LOOP_ANALYSIS = YES;
				CLANG_WARN_STRICT_PROTOTYPES = YES;
				CLANG_WARN_SUSPICIOUS_MOVE = YES;
				CLANG_WARN_UNGUARDED_AVAILABILITY = YES_AGGRESSIVE;
				CLANG_WARN_UNREACHABLE_CODE = YES;
				CLANG_WARN__DUPLICATE_METHOD_MATCH = YES;
				COPY_PHASE_STRIP = NO;
				DEBUG_INFORMATION_FORMAT = dwarf;
				ENABLE_STRICT_OBJC_MSGSEND = YES;
				ENABLE_TESTABILITY = YES;
				ENABLE_USER_SCRIPT_SANDBOXING = YES;
				GCC_C_LANGUAGE_STANDARD = gnu17;
				GCC_DYNAMIC_NO_PIC = NO;
				GCC_NO_COMMON_BLOCKS = YES;
				GCC_OPTIMIZATION_LEVEL = 0;
				GCC_PREPROCESSOR_DEFINITIONS = (
					"DEBUG=1",
					"$(inherited)",
				);
				GCC_WARN_64_TO_32_BIT_CONVERSION = YES;
				GCC_WARN_ABOUT_RETURN_TYPE = YES_ERROR;
				GCC_WARN_UNDECLARED_SELECTOR = YES;
				GCC_WARN_UNINITIALIZED_AUTOS = YES_AGGRESSIVE;
				GCC_WARN_UNUSED_FUNCTION = YES;
				GCC_WARN_UNUSED_VARIABLE = YES;
				IPHONEOS_DEPLOYMENT_TARGET = 18.2;
				LOCALIZATION_PREFERS_STRING_CATALOGS = YES;
				MTL_ENABLE_DEBUG_INFO = INCLUDE_SOURCE;
				MTL_FAST_MATH = YES;
				ONLY_ACTIVE_ARCH = YES;
				SDKROOT = iphoneos;
				SWIFT_ACTIVE_COMPILATION_CONDITIONS = "DEBUG $(inherited)";
				SWIFT_OPTIMIZATION_LEVEL = "-Onone";
			};
			name = Debug;
		};
		BBD6E0132D696BF300EB8DF6 /* Release */ = {
			isa = XCBuildConfiguration;
			buildSettings = {
				ALWAYS_SEARCH_USER_PATHS = NO;
				ASSETCATALOG_COMPILER_GENERATE_SWIFT_ASSET_SYMBOL_EXTENSIONS = YES;
				CLANG_ANALYZER_NONNULL = YES;
				CLANG_ANALYZER_NUMBER_OBJECT_CONVERSION = YES_AGGRESSIVE;
				CLANG_CXX_LANGUAGE_STANDARD = "gnu++20";
				CLANG_ENABLE_MODULES = YES;
				CLANG_ENABLE_OBJC_ARC = YES;
				CLANG_ENABLE_OBJC_WEAK = YES;
				CLANG_WARN_BLOCK_CAPTURE_AUTORELEASING = YES;
				CLANG_WARN_BOOL_CONVERSION = YES;
				CLANG_WARN_COMMA = YES;
				CLANG_WARN_CONSTANT_CONVERSION = YES;
				CLANG_WARN_DEPRECATED_OBJC_IMPLEMENTATIONS = YES;
				CLANG_WARN_DIRECT_OBJC_ISA_USAGE = YES_ERROR;
				CLANG_WARN_DOCUMENTATION_COMMENTS = YES;
				CLANG_WARN_EMPTY_BODY = YES;
				CLANG_WARN_ENUM_CONVERSION = YES;
				CLANG_WARN_INFINITE_RECURSION = YES;
				CLANG_WARN_INT_CONVERSION = YES;
				CLANG_WARN_NON_LITERAL_NULL_CONVERSION = YES;
				CLANG_WARN_OBJC_IMPLICIT_RETAIN_SELF = YES;
				CLANG_WARN_OBJC_LITERAL_CONVERSION = YES;
				CLANG_WARN_OBJC_ROOT_CLASS = YES_ERROR;
				CLANG_WARN_QUOTED_INCLUDE_IN_FRAMEWORK_HEADER = YES;
				CLANG_WARN_RANGE_LOOP_ANALYSIS = YES;
				CLANG_WARN_STRICT_PROTOTYPES = YES;
				CLANG_WARN_SUSPICIOUS_MOVE = YES;
				CLANG_WARN_UNGUARDED_AVAILABILITY = YES_AGGRESSIVE;
				CLANG_WARN_UNREACHABLE_CODE = YES;
				CLANG_WARN__DUPLICATE_METHOD_MATCH = YES;
				COPY_PHASE_STRIP = NO;
				DEBUG_INFORMATION_FORMAT = "dwarf-with-dsym";
				ENABLE_NS_ASSERTIONS = NO;
				ENABLE_STRICT_OBJC_MSGSEND = YES;
				ENABLE_USER_SCRIPT_SANDBOXING = YES;
				GCC_C_LANGUAGE_STANDARD = gnu17;
				GCC_NO_COMMON_BLOCKS = YES;
				GCC_WARN_64_TO_32_BIT_CONVERSION = YES;
				GCC_WARN_ABOUT_RETURN_TYPE = YES_ERROR;
				GCC_WARN_UNDECLARED_SELECTOR = YES;
				GCC_WARN_UNINITIALIZED_AUTOS = YES_AGGRESSIVE;
				GCC_WARN_UNUSED_FUNCTION = YES;
				GCC_WARN_UNUSED_VARIABLE = YES;
				IPHONEOS_DEPLOYMENT_TARGET = 18.2;
				LOCALIZATION_PREFERS_STRING_CATALOGS = YES;
				MTL_ENABLE_DEBUG_INFO = NO;
				MTL_FAST_MATH = YES;
				SDKROOT = iphoneos;
				SWIFT_COMPILATION_MODE = wholemodule;
				VALIDATE_PRODUCT = YES;
			};
			name = Release;
		};
		BBD6E0152D696BF300EB8DF6 /* Debug */ = {
			isa = XCBuildConfiguration;
			buildSettings = {
				ASSETCATALOG_COMPILER_APPICON_NAME = AppIcon;
				ASSETCATALOG_COMPILER_GLOBAL_ACCENT_COLOR_NAME = AccentColor;
				CODE_SIGN_STYLE = Automatic;
				CURRENT_PROJECT_VERSION = 1;
				DEVELOPMENT_ASSET_PATHS = "\"ForRent/Preview Content\"";
				ENABLE_PREVIEWS = YES;
				GENERATE_INFOPLIST_FILE = YES;
				INFOPLIST_KEY_UIApplicationSceneManifest_Generation = YES;
				INFOPLIST_KEY_UIApplicationSupportsIndirectInputEvents = YES;
				INFOPLIST_KEY_UILaunchScreen_Generation = YES;
				INFOPLIST_KEY_UISupportedInterfaceOrientations_iPad = "UIInterfaceOrientationPortrait UIInterfaceOrientationPortraitUpsideDown UIInterfaceOrientationLandscapeLeft UIInterfaceOrientationLandscapeRight";
				INFOPLIST_KEY_UISupportedInterfaceOrientations_iPhone = "UIInterfaceOrientationPortrait UIInterfaceOrientationLandscapeLeft UIInterfaceOrientationLandscapeRight";
				LD_RUNPATH_SEARCH_PATHS = (
					"$(inherited)",
					"@executable_path/Frameworks",
				);
				MARKETING_VERSION = 1.0;
				PRODUCT_BUNDLE_IDENTIFIER = com.eddienguyen.ForRent;
				PRODUCT_NAME = "$(TARGET_NAME)";
				SWIFT_EMIT_LOC_STRINGS = YES;
				SWIFT_VERSION = 5.0;
				TARGETED_DEVICE_FAMILY = "1,2";
			};
			name = Debug;
		};
		BBD6E0162D696BF300EB8DF6 /* Release */ = {
			isa = XCBuildConfiguration;
			buildSettings = {
				ASSETCATALOG_COMPILER_APPICON_NAME = AppIcon;
				ASSETCATALOG_COMPILER_GLOBAL_ACCENT_COLOR_NAME = AccentColor;
				CODE_SIGN_STYLE = Automatic;
				CURRENT_PROJECT_VERSION = 1;
				DEVELOPMENT_ASSET_PATHS = "\"ForRent/Preview Content\"";
				ENABLE_PREVIEWS = YES;
				GENERATE_INFOPLIST_FILE = YES;
				INFOPLIST_KEY_UIApplicationSceneManifest_Generation = YES;
				INFOPLIST_KEY_UIApplicationSupportsIndirectInputEvents = YES;
				INFOPLIST_KEY_UILaunchScreen_Generation = YES;
				INFOPLIST_KEY_UISupportedInterfaceOrientations_iPad = "UIInterfaceOrientationPortrait UIInterfaceOrientationPortraitUpsideDown UIInterfaceOrientationLandscapeLeft UIInterfaceOrientationLandscapeRight";
				INFOPLIST_KEY_UISupportedInterfaceOrientations_iPhone = "UIInterfaceOrientationPortrait UIInterfaceOrientationLandscapeLeft UIInterfaceOrientationLandscapeRight";
				LD_RUNPATH_SEARCH_PATHS = (
					"$(inherited)",
					"@executable_path/Frameworks",
				);
				MARKETING_VERSION = 1.0;
				PRODUCT_BUNDLE_IDENTIFIER = com.eddienguyen.ForRent;
				PRODUCT_NAME = "$(TARGET_NAME)";
				SWIFT_EMIT_LOC_STRINGS = YES;
				SWIFT_VERSION = 5.0;
				TARGETED_DEVICE_FAMILY = "1,2";
			};
			name = Release;
		};
		BBD6E0182D696BF300EB8DF6 /* Debug */ = {
			isa = XCBuildConfiguration;
			buildSettings = {
				BUNDLE_LOADER = "$(TEST_HOST)";
				CODE_SIGN_STYLE = Automatic;
				CURRENT_PROJECT_VERSION = 1;
				GENERATE_INFOPLIST_FILE = YES;
				IPHONEOS_DEPLOYMENT_TARGET = 18.2;
				MARKETING_VERSION = 1.0;
				PRODUCT_BUNDLE_IDENTIFIER = com.eddienguyen.ForRentTests;
				PRODUCT_NAME = "$(TARGET_NAME)";
				SWIFT_EMIT_LOC_STRINGS = NO;
				SWIFT_VERSION = 5.0;
				TARGETED_DEVICE_FAMILY = "1,2";
				TEST_HOST = "$(BUILT_PRODUCTS_DIR)/ForRent.app/$(BUNDLE_EXECUTABLE_FOLDER_PATH)/ForRent";
			};
			name = Debug;
		};
		BBD6E0192D696BF300EB8DF6 /* Release */ = {
			isa = XCBuildConfiguration;
			buildSettings = {
				BUNDLE_LOADER = "$(TEST_HOST)";
				CODE_SIGN_STYLE = Automatic;
				CURRENT_PROJECT_VERSION = 1;
				GENERATE_INFOPLIST_FILE = YES;
				IPHONEOS_DEPLOYMENT_TARGET = 18.2;
				MARKETING_VERSION = 1.0;
				PRODUCT_BUNDLE_IDENTIFIER = com.eddienguyen.ForRentTests;
				PRODUCT_NAME = "$(TARGET_NAME)";
				SWIFT_EMIT_LOC_STRINGS = NO;
				SWIFT_VERSION = 5.0;
				TARGETED_DEVICE_FAMILY = "1,2";
				TEST_HOST = "$(BUILT_PRODUCTS_DIR)/ForRent.app/$(BUNDLE_EXECUTABLE_FOLDER_PATH)/ForRent";
			};
			name = Release;
		};
		BBD6E01B2D696BF300EB8DF6 /* Debug */ = {
			isa = XCBuildConfiguration;
			buildSettings = {
				CODE_SIGN_STYLE = Automatic;
				CURRENT_PROJECT_VERSION = 1;
				GENERATE_INFOPLIST_FILE = YES;
				MARKETING_VERSION = 1.0;
				PRODUCT_BUNDLE_IDENTIFIER = com.eddienguyen.ForRentUITests;
				PRODUCT_NAME = "$(TARGET_NAME)";
				SWIFT_EMIT_LOC_STRINGS = NO;
				SWIFT_VERSION = 5.0;
				TARGETED_DEVICE_FAMILY = "1,2";
				TEST_TARGET_NAME = ForRent;
			};
			name = Debug;
		};
		BBD6E01C2D696BF300EB8DF6 /* Release */ = {
			isa = XCBuildConfiguration;
			buildSettings = {
				CODE_SIGN_STYLE = Automatic;
				CURRENT_PROJECT_VERSION = 1;
				GENERATE_INFOPLIST_FILE = YES;
				MARKETING_VERSION = 1.0;
				PRODUCT_BUNDLE_IDENTIFIER = com.eddienguyen.ForRentUITests;
				PRODUCT_NAME = "$(TARGET_NAME)";
				SWIFT_EMIT_LOC_STRINGS = NO;
				SWIFT_VERSION = 5.0;
				TARGETED_DEVICE_FAMILY = "1,2";
				TEST_TARGET_NAME = ForRent;
			};
			name = Release;
		};
/* End XCBuildConfiguration section */

/* Begin XCConfigurationList section */
		BBD6DFEB2D696BF100EB8DF6 /* Build configuration list for PBXProject "ForRent" */ = {
			isa = XCConfigurationList;
			buildConfigurations = (
				BBD6E0122D696BF300EB8DF6 /* Debug */,
				BBD6E0132D696BF300EB8DF6 /* Release */,
			);
			defaultConfigurationIsVisible = 0;
			defaultConfigurationName = Release;
		};
		BBD6E0142D696BF300EB8DF6 /* Build configuration list for PBXNativeTarget "ForRent" */ = {
			isa = XCConfigurationList;
			buildConfigurations = (
				BBD6E0152D696BF300EB8DF6 /* Debug */,
				BBD6E0162D696BF300EB8DF6 /* Release */,
			);
			defaultConfigurationIsVisible = 0;
			defaultConfigurationName = Release;
		};
		BBD6E0172D696BF300EB8DF6 /* Build configuration list for PBXNativeTarget "ForRentTests" */ = {
			isa = XCConfigurationList;
			buildConfigurations = (
				BBD6E0182D696BF300EB8DF6 /* Debug */,
				BBD6E0192D696BF300EB8DF6 /* Release */,
			);
			defaultConfigurationIsVisible = 0;
			defaultConfigurationName = Release;
		};
		BBD6E01A2D696BF300EB8DF6 /* Build configuration list for PBXNativeTarget "ForRentUITests" */ = {
			isa = XCConfigurationList;
			buildConfigurations = (
				BBD6E01B2D696BF300EB8DF6 /* Debug */,
				BBD6E01C2D696BF300EB8DF6 /* Release */,
			);
			defaultConfigurationIsVisible = 0;
			defaultConfigurationName = Release;
		};
/* End XCConfigurationList section */
	};
	rootObject = BBD6DFE82D696BF100EB8DF6 /* Project object */;
}
